
Microsoft Visual Studio Solution File, Format Version 12.00
# Visual Studio 14
VisualStudioVersion = 14.0.25420.1
MinimumVisualStudioVersion = 10.0.40219.1
Project("{8BC9CEB8-8B4A-11D0-8D11-00A0C91BC942}") = "SEP-172.2", "SEP-172.2\SEP-172.2.vcxproj", "{8807ADE9-5806-4833-9D31-B5DED2ED1EF1}"
EndProject
Project("{8BC9CEB8-8B4A-11D0-8D11-00A0C91BC942}") = "InlineAndConstructor", "InlineAndConstructor\InlineAndConstructor.vcxproj", "{A2D816BC-F0FB-45FB-B25B-C8D98CDB80E6}"
EndProject
Project("{8BC9CEB8-8B4A-11D0-8D11-00A0C91BC942}") = "SampleForGit", "SampleForGit\SampleForGit.vcxproj", "{7A15F008-A5C9-4050-946B-F81E136EFA50}"
EndProject
Project("{8BC9CEB8-8B4A-11D0-8D11-00A0C91BC942}") = "CopyConstructor", "CopyConstructor\CopyConstructor.vcxproj", "{64566D93-1D49-4F01-91A1-9D7C33F8DE98}"
EndProject
Project("{8BC9CEB8-8B4A-11D0-8D11-00A0C91BC942}") = "CopyConstructorRepeating", "CopyConstructorRepeating\CopyConstructorRepeating.vcxproj", "{B0D2ED45-13A3-41E0-AFC5-7B973B986A0B}"
EndProject
Project("{8BC9CEB8-8B4A-11D0-8D11-00A0C91BC942}") = "Module2Testing", "Module2Testing\Module2Testing.vcxproj", "{F8697200-D406-44F5-A07E-B1E3B83E004F}"
EndProject
Project("{8BC9CEB8-8B4A-11D0-8D11-00A0C91BC942}") = "Const", "Const\Const.vcxproj", "{C938DF90-E3E0-44E8-95E5-BC78DF79A0A2}"
EndProject
Project("{8BC9CEB8-8B4A-11D0-8D11-00A0C91BC942}") = "Store", "Store\Store.vcxproj", "{860BD8C1-F741-4F98-90DE-A32D7887D1BE}"
EndProject
Project("{8BC9CEB8-8B4A-11D0-8D11-00A0C91BC942}") = "Reservoir", "Reservoir\Reservoir.vcxproj", "{45212410-36CA-4B7A-B8FA-FEF810ABB314}"
EndProject
Project("{8BC9CEB8-8B4A-11D0-8D11-00A0C91BC942}") = "Worker", "Worker\Worker.vcxproj", "{FD65497E-5406-4696-A0A5-2ADEE13C483D}"
EndProject
Project("{8BC9CEB8-8B4A-11D0-8D11-00A0C91BC942}") = "Operators", "Operators\Operators.vcxproj", "{FAE60A9F-B321-4E10-AA9F-7D0EB3FDB230}"
EndProject
Project("{8BC9CEB8-8B4A-11D0-8D11-00A0C91BC942}") = "Points", "Points\Points.vcxproj", "{2FBDBA16-E4CE-4A10-8606-82FB2759DEEF}"
EndProject
Project("{8BC9CEB8-8B4A-11D0-8D11-00A0C91BC942}") = "Circle", "Circle\Circle.vcxproj", "{83034F9E-FDC6-43CA-8B8A-5C46E4645260}"
EndProject
Project("{8BC9CEB8-8B4A-11D0-8D11-00A0C91BC942}") = "Dino", "Dino\Dino.vcxproj", "{53649F5D-785E-46E4-B580-740265D658A2}"
EndProject
Project("{8BC9CEB8-8B4A-11D0-8D11-00A0C91BC942}") = "SnakeGame", "SnakeGame\SnakeGame.vcxproj", "{9564C6E1-FBE5-42F9-9486-BC3FD6C9FC46}"
EndProject
Project("{8BC9CEB8-8B4A-11D0-8D11-00A0C91BC942}") = "LastOverloading", "LastOverloading\LastOverloading.vcxproj", "{7562D592-6160-4A32-9049-0C559872CD90}"
EndProject
Project("{8BC9CEB8-8B4A-11D0-8D11-00A0C91BC942}") = "MoveConstructor", "MoveConstructor\MoveConstructor.vcxproj", "{C0F74E2B-A83E-4C10-93C8-2B8B6D818A2D}"
EndProject
Global
	GlobalSection(SolutionConfigurationPlatforms) = preSolution
		Debug|x64 = Debug|x64
		Debug|x86 = Debug|x86
		Release|x64 = Release|x64
		Release|x86 = Release|x86
	EndGlobalSection
	GlobalSection(ProjectConfigurationPlatforms) = postSolution
		{8807ADE9-5806-4833-9D31-B5DED2ED1EF1}.Debug|x64.ActiveCfg = Debug|x64
		{8807ADE9-5806-4833-9D31-B5DED2ED1EF1}.Debug|x64.Build.0 = Debug|x64
		{8807ADE9-5806-4833-9D31-B5DED2ED1EF1}.Debug|x86.ActiveCfg = Debug|Win32
		{8807ADE9-5806-4833-9D31-B5DED2ED1EF1}.Debug|x86.Build.0 = Debug|Win32
		{8807ADE9-5806-4833-9D31-B5DED2ED1EF1}.Release|x64.ActiveCfg = Release|x64
		{8807ADE9-5806-4833-9D31-B5DED2ED1EF1}.Release|x64.Build.0 = Release|x64
		{8807ADE9-5806-4833-9D31-B5DED2ED1EF1}.Release|x86.ActiveCfg = Release|Win32
		{8807ADE9-5806-4833-9D31-B5DED2ED1EF1}.Release|x86.Build.0 = Release|Win32
		{A2D816BC-F0FB-45FB-B25B-C8D98CDB80E6}.Debug|x64.ActiveCfg = Debug|x64
		{A2D816BC-F0FB-45FB-B25B-C8D98CDB80E6}.Debug|x64.Build.0 = Debug|x64
		{A2D816BC-F0FB-45FB-B25B-C8D98CDB80E6}.Debug|x86.ActiveCfg = Debug|Win32
		{A2D816BC-F0FB-45FB-B25B-C8D98CDB80E6}.Debug|x86.Build.0 = Debug|Win32
		{A2D816BC-F0FB-45FB-B25B-C8D98CDB80E6}.Release|x64.ActiveCfg = Release|x64
		{A2D816BC-F0FB-45FB-B25B-C8D98CDB80E6}.Release|x64.Build.0 = Release|x64
		{A2D816BC-F0FB-45FB-B25B-C8D98CDB80E6}.Release|x86.ActiveCfg = Release|Win32
		{A2D816BC-F0FB-45FB-B25B-C8D98CDB80E6}.Release|x86.Build.0 = Release|Win32
		{7A15F008-A5C9-4050-946B-F81E136EFA50}.Debug|x64.ActiveCfg = Debug|x64
		{7A15F008-A5C9-4050-946B-F81E136EFA50}.Debug|x64.Build.0 = Debug|x64
		{7A15F008-A5C9-4050-946B-F81E136EFA50}.Debug|x86.ActiveCfg = Debug|Win32
		{7A15F008-A5C9-4050-946B-F81E136EFA50}.Debug|x86.Build.0 = Debug|Win32
		{7A15F008-A5C9-4050-946B-F81E136EFA50}.Release|x64.ActiveCfg = Release|x64
		{7A15F008-A5C9-4050-946B-F81E136EFA50}.Release|x64.Build.0 = Release|x64
		{7A15F008-A5C9-4050-946B-F81E136EFA50}.Release|x86.ActiveCfg = Release|Win32
		{7A15F008-A5C9-4050-946B-F81E136EFA50}.Release|x86.Build.0 = Release|Win32
		{64566D93-1D49-4F01-91A1-9D7C33F8DE98}.Debug|x64.ActiveCfg = Debug|x64
		{64566D93-1D49-4F01-91A1-9D7C33F8DE98}.Debug|x64.Build.0 = Debug|x64
		{64566D93-1D49-4F01-91A1-9D7C33F8DE98}.Debug|x86.ActiveCfg = Debug|Win32
		{64566D93-1D49-4F01-91A1-9D7C33F8DE98}.Debug|x86.Build.0 = Debug|Win32
		{64566D93-1D49-4F01-91A1-9D7C33F8DE98}.Release|x64.ActiveCfg = Release|x64
		{64566D93-1D49-4F01-91A1-9D7C33F8DE98}.Release|x64.Build.0 = Release|x64
		{64566D93-1D49-4F01-91A1-9D7C33F8DE98}.Release|x86.ActiveCfg = Release|Win32
		{64566D93-1D49-4F01-91A1-9D7C33F8DE98}.Release|x86.Build.0 = Release|Win32
		{B0D2ED45-13A3-41E0-AFC5-7B973B986A0B}.Debug|x64.ActiveCfg = Debug|x64
		{B0D2ED45-13A3-41E0-AFC5-7B973B986A0B}.Debug|x64.Build.0 = Debug|x64
		{B0D2ED45-13A3-41E0-AFC5-7B973B986A0B}.Debug|x86.ActiveCfg = Debug|Win32
		{B0D2ED45-13A3-41E0-AFC5-7B973B986A0B}.Debug|x86.Build.0 = Debug|Win32
		{B0D2ED45-13A3-41E0-AFC5-7B973B986A0B}.Release|x64.ActiveCfg = Release|x64
		{B0D2ED45-13A3-41E0-AFC5-7B973B986A0B}.Release|x64.Build.0 = Release|x64
		{B0D2ED45-13A3-41E0-AFC5-7B973B986A0B}.Release|x86.ActiveCfg = Release|Win32
		{B0D2ED45-13A3-41E0-AFC5-7B973B986A0B}.Release|x86.Build.0 = Release|Win32
		{F8697200-D406-44F5-A07E-B1E3B83E004F}.Debug|x64.ActiveCfg = Debug|x64
		{F8697200-D406-44F5-A07E-B1E3B83E004F}.Debug|x64.Build.0 = Debug|x64
		{F8697200-D406-44F5-A07E-B1E3B83E004F}.Debug|x86.ActiveCfg = Debug|Win32
		{F8697200-D406-44F5-A07E-B1E3B83E004F}.Debug|x86.Build.0 = Debug|Win32
		{F8697200-D406-44F5-A07E-B1E3B83E004F}.Release|x64.ActiveCfg = Release|x64
		{F8697200-D406-44F5-A07E-B1E3B83E004F}.Release|x64.Build.0 = Release|x64
		{F8697200-D406-44F5-A07E-B1E3B83E004F}.Release|x86.ActiveCfg = Release|Win32
		{F8697200-D406-44F5-A07E-B1E3B83E004F}.Release|x86.Build.0 = Release|Win32
		{C938DF90-E3E0-44E8-95E5-BC78DF79A0A2}.Debug|x64.ActiveCfg = Debug|x64
		{C938DF90-E3E0-44E8-95E5-BC78DF79A0A2}.Debug|x64.Build.0 = Debug|x64
		{C938DF90-E3E0-44E8-95E5-BC78DF79A0A2}.Debug|x86.ActiveCfg = Debug|Win32
		{C938DF90-E3E0-44E8-95E5-BC78DF79A0A2}.Debug|x86.Build.0 = Debug|Win32
		{C938DF90-E3E0-44E8-95E5-BC78DF79A0A2}.Release|x64.ActiveCfg = Release|x64
		{C938DF90-E3E0-44E8-95E5-BC78DF79A0A2}.Release|x64.Build.0 = Release|x64
		{C938DF90-E3E0-44E8-95E5-BC78DF79A0A2}.Release|x86.ActiveCfg = Release|Win32
		{C938DF90-E3E0-44E8-95E5-BC78DF79A0A2}.Release|x86.Build.0 = Release|Win32
		{860BD8C1-F741-4F98-90DE-A32D7887D1BE}.Debug|x64.ActiveCfg = Debug|x64
		{860BD8C1-F741-4F98-90DE-A32D7887D1BE}.Debug|x64.Build.0 = Debug|x64
		{860BD8C1-F741-4F98-90DE-A32D7887D1BE}.Debug|x86.ActiveCfg = Debug|Win32
		{860BD8C1-F741-4F98-90DE-A32D7887D1BE}.Debug|x86.Build.0 = Debug|Win32
		{860BD8C1-F741-4F98-90DE-A32D7887D1BE}.Release|x64.ActiveCfg = Release|x64
		{860BD8C1-F741-4F98-90DE-A32D7887D1BE}.Release|x64.Build.0 = Release|x64
		{860BD8C1-F741-4F98-90DE-A32D7887D1BE}.Release|x86.ActiveCfg = Release|Win32
		{860BD8C1-F741-4F98-90DE-A32D7887D1BE}.Release|x86.Build.0 = Release|Win32
		{45212410-36CA-4B7A-B8FA-FEF810ABB314}.Debug|x64.ActiveCfg = Debug|x64
		{45212410-36CA-4B7A-B8FA-FEF810ABB314}.Debug|x64.Build.0 = Debug|x64
		{45212410-36CA-4B7A-B8FA-FEF810ABB314}.Debug|x86.ActiveCfg = Debug|Win32
		{45212410-36CA-4B7A-B8FA-FEF810ABB314}.Debug|x86.Build.0 = Debug|Win32
		{45212410-36CA-4B7A-B8FA-FEF810ABB314}.Release|x64.ActiveCfg = Release|x64
		{45212410-36CA-4B7A-B8FA-FEF810ABB314}.Release|x64.Build.0 = Release|x64
		{45212410-36CA-4B7A-B8FA-FEF810ABB314}.Release|x86.ActiveCfg = Release|Win32
		{45212410-36CA-4B7A-B8FA-FEF810ABB314}.Release|x86.Build.0 = Release|Win32
		{FD65497E-5406-4696-A0A5-2ADEE13C483D}.Debug|x64.ActiveCfg = Debug|x64
		{FD65497E-5406-4696-A0A5-2ADEE13C483D}.Debug|x64.Build.0 = Debug|x64
		{FD65497E-5406-4696-A0A5-2ADEE13C483D}.Debug|x86.ActiveCfg = Debug|Win32
		{FD65497E-5406-4696-A0A5-2ADEE13C483D}.Debug|x86.Build.0 = Debug|Win32
		{FD65497E-5406-4696-A0A5-2ADEE13C483D}.Release|x64.ActiveCfg = Release|x64
		{FD65497E-5406-4696-A0A5-2ADEE13C483D}.Release|x64.Build.0 = Release|x64
		{FD65497E-5406-4696-A0A5-2ADEE13C483D}.Release|x86.ActiveCfg = Release|Win32
		{FD65497E-5406-4696-A0A5-2ADEE13C483D}.Release|x86.Build.0 = Release|Win32
		{FAE60A9F-B321-4E10-AA9F-7D0EB3FDB230}.Debug|x64.ActiveCfg = Debug|x64
		{FAE60A9F-B321-4E10-AA9F-7D0EB3FDB230}.Debug|x64.Build.0 = Debug|x64
		{FAE60A9F-B321-4E10-AA9F-7D0EB3FDB230}.Debug|x86.ActiveCfg = Debug|Win32
		{FAE60A9F-B321-4E10-AA9F-7D0EB3FDB230}.Debug|x86.Build.0 = Debug|Win32
		{FAE60A9F-B321-4E10-AA9F-7D0EB3FDB230}.Release|x64.ActiveCfg = Release|x64
		{FAE60A9F-B321-4E10-AA9F-7D0EB3FDB230}.Release|x64.Build.0 = Release|x64
		{FAE60A9F-B321-4E10-AA9F-7D0EB3FDB230}.Release|x86.ActiveCfg = Release|Win32
		{FAE60A9F-B321-4E10-AA9F-7D0EB3FDB230}.Release|x86.Build.0 = Release|Win32
		{2FBDBA16-E4CE-4A10-8606-82FB2759DEEF}.Debug|x64.ActiveCfg = Debug|x64
		{2FBDBA16-E4CE-4A10-8606-82FB2759DEEF}.Debug|x64.Build.0 = Debug|x64
		{2FBDBA16-E4CE-4A10-8606-82FB2759DEEF}.Debug|x86.ActiveCfg = Debug|Win32
		{2FBDBA16-E4CE-4A10-8606-82FB2759DEEF}.Debug|x86.Build.0 = Debug|Win32
		{2FBDBA16-E4CE-4A10-8606-82FB2759DEEF}.Release|x64.ActiveCfg = Release|x64
		{2FBDBA16-E4CE-4A10-8606-82FB2759DEEF}.Release|x64.Build.0 = Release|x64
		{2FBDBA16-E4CE-4A10-8606-82FB2759DEEF}.Release|x86.ActiveCfg = Release|Win32
		{2FBDBA16-E4CE-4A10-8606-82FB2759DEEF}.Release|x86.Build.0 = Release|Win32
		{83034F9E-FDC6-43CA-8B8A-5C46E4645260}.Debug|x64.ActiveCfg = Debug|x64
		{83034F9E-FDC6-43CA-8B8A-5C46E4645260}.Debug|x64.Build.0 = Debug|x64
		{83034F9E-FDC6-43CA-8B8A-5C46E4645260}.Debug|x86.ActiveCfg = Debug|Win32
		{83034F9E-FDC6-43CA-8B8A-5C46E4645260}.Debug|x86.Build.0 = Debug|Win32
		{83034F9E-FDC6-43CA-8B8A-5C46E4645260}.Release|x64.ActiveCfg = Release|x64
		{83034F9E-FDC6-43CA-8B8A-5C46E4645260}.Release|x64.Build.0 = Release|x64
		{83034F9E-FDC6-43CA-8B8A-5C46E4645260}.Release|x86.ActiveCfg = Release|Win32
		{83034F9E-FDC6-43CA-8B8A-5C46E4645260}.Release|x86.Build.0 = Release|Win32
		{53649F5D-785E-46E4-B580-740265D658A2}.Debug|x64.ActiveCfg = Debug|x64
		{53649F5D-785E-46E4-B580-740265D658A2}.Debug|x64.Build.0 = Debug|x64
		{53649F5D-785E-46E4-B580-740265D658A2}.Debug|x86.ActiveCfg = Debug|Win32
		{53649F5D-785E-46E4-B580-740265D658A2}.Debug|x86.Build.0 = Debug|Win32
		{53649F5D-785E-46E4-B580-740265D658A2}.Release|x64.ActiveCfg = Release|x64
		{53649F5D-785E-46E4-B580-740265D658A2}.Release|x64.Build.0 = Release|x64
		{53649F5D-785E-46E4-B580-740265D658A2}.Release|x86.ActiveCfg = Release|Win32
		{53649F5D-785E-46E4-B580-740265D658A2}.Release|x86.Build.0 = Release|Win32
		{9564C6E1-FBE5-42F9-9486-BC3FD6C9FC46}.Debug|x64.ActiveCfg = Debug|x64
		{9564C6E1-FBE5-42F9-9486-BC3FD6C9FC46}.Debug|x64.Build.0 = Debug|x64
		{9564C6E1-FBE5-42F9-9486-BC3FD6C9FC46}.Debug|x86.ActiveCfg = Debug|Win32
		{9564C6E1-FBE5-42F9-9486-BC3FD6C9FC46}.Debug|x86.Build.0 = Debug|Win32
		{9564C6E1-FBE5-42F9-9486-BC3FD6C9FC46}.Release|x64.ActiveCfg = Release|x64
		{9564C6E1-FBE5-42F9-9486-BC3FD6C9FC46}.Release|x64.Build.0 = Release|x64
		{9564C6E1-FBE5-42F9-9486-BC3FD6C9FC46}.Release|x86.ActiveCfg = Release|Win32
		{9564C6E1-FBE5-42F9-9486-BC3FD6C9FC46}.Release|x86.Build.0 = Release|Win32
		{7562D592-6160-4A32-9049-0C559872CD90}.Debug|x64.ActiveCfg = Debug|x64
		{7562D592-6160-4A32-9049-0C559872CD90}.Debug|x64.Build.0 = Debug|x64
		{7562D592-6160-4A32-9049-0C559872CD90}.Debug|x86.ActiveCfg = Debug|Win32
		{7562D592-6160-4A32-9049-0C559872CD90}.Debug|x86.Build.0 = Debug|Win32
		{7562D592-6160-4A32-9049-0C559872CD90}.Release|x64.ActiveCfg = Release|x64
		{7562D592-6160-4A32-9049-0C559872CD90}.Release|x64.Build.0 = Release|x64
		{7562D592-6160-4A32-9049-0C559872CD90}.Release|x86.ActiveCfg = Release|Win32
		{7562D592-6160-4A32-9049-0C559872CD90}.Release|x86.Build.0 = Release|Win32
		{C0F74E2B-A83E-4C10-93C8-2B8B6D818A2D}.Debug|x64.ActiveCfg = Debug|x64
		{C0F74E2B-A83E-4C10-93C8-2B8B6D818A2D}.Debug|x64.Build.0 = Debug|x64
		{C0F74E2B-A83E-4C10-93C8-2B8B6D818A2D}.Debug|x86.ActiveCfg = Debug|Win32
		{C0F74E2B-A83E-4C10-93C8-2B8B6D818A2D}.Debug|x86.Build.0 = Debug|Win32
		{C0F74E2B-A83E-4C10-93C8-2B8B6D818A2D}.Release|x64.ActiveCfg = Release|x64
		{C0F74E2B-A83E-4C10-93C8-2B8B6D818A2D}.Release|x64.Build.0 = Release|x64
		{C0F74E2B-A83E-4C10-93C8-2B8B6D818A2D}.Release|x86.ActiveCfg = Release|Win32
		{C0F74E2B-A83E-4C10-93C8-2B8B6D818A2D}.Release|x86.Build.0 = Release|Win32
	EndGlobalSection
	GlobalSection(SolutionProperties) = preSolution
		HideSolutionNode = FALSE
	EndGlobalSection
EndGlobal
