
Microsoft Visual Studio Solution File, Format Version 12.00
# Visual Studio 14
VisualStudioVersion = 14.0.25420.1
MinimumVisualStudioVersion = 10.0.40219.1
Project("{8BC9CEB8-8B4A-11D0-8D11-00A0C91BC942}") = "SEP-172.2", "SEP-172.2\SEP-172.2.vcxproj", "{8807ADE9-5806-4833-9D31-B5DED2ED1EF1}"
EndProject
Project("{8BC9CEB8-8B4A-11D0-8D11-00A0C91BC942}") = "InlineAndConstructor", "InlineAndConstructor\InlineAndConstructor.vcxproj", "{A2D816BC-F0FB-45FB-B25B-C8D98CDB80E6}"
EndProject
Project("{8BC9CEB8-8B4A-11D0-8D11-00A0C91BC942}") = "SampleForGit", "SampleForGit\SampleForGit.vcxproj", "{7A15F008-A5C9-4050-946B-F81E136EFA50}"
EndProject
Project("{8BC9CEB8-8B4A-11D0-8D11-00A0C91BC942}") = "CopyConstructor", "CopyConstructor\CopyConstructor.vcxproj", "{64566D93-1D49-4F01-91A1-9D7C33F8DE98}"
EndProject
Project("{8BC9CEB8-8B4A-11D0-8D11-00A0C91BC942}") = "CopyConstructorRepeating", "CopyConstructorRepeating\CopyConstructorRepeating.vcxproj", "{B0D2ED45-13A3-41E0-AFC5-7B973B986A0B}"
EndProject
Project("{8BC9CEB8-8B4A-11D0-8D11-00A0C91BC942}") = "Module2Testing", "Module2Testing\Module2Testing.vcxproj", "{F8697200-D406-44F5-A07E-B1E3B83E004F}"
EndProject
Project("{8BC9CEB8-8B4A-11D0-8D11-00A0C91BC942}") = "Const", "Const\Const.vcxproj", "{C938DF90-E3E0-44E8-95E5-BC78DF79A0A2}"
EndProject
Project("{8BC9CEB8-8B4A-11D0-8D11-00A0C91BC942}") = "Store", "Store\Store.vcxproj", "{860BD8C1-F741-4F98-90DE-A32D7887D1BE}"
EndProject
Project("{8BC9CEB8-8B4A-11D0-8D11-00A0C91BC942}") = "Reservoir", "Reservoir\Reservoir.vcxproj", "{45212410-36CA-4B7A-B8FA-FEF810ABB314}"
EndProject
Project("{8BC9CEB8-8B4A-11D0-8D11-00A0C91BC942}") = "Worker", "Worker\Worker.vcxproj", "{FD65497E-5406-4696-A0A5-2ADEE13C483D}"
EndProject
Project("{8BC9CEB8-8B4A-11D0-8D11-00A0C91BC942}") = "Operators", "Operators\Operators.vcxproj", "{FAE60A9F-B321-4E10-AA9F-7D0EB3FDB230}"
EndProject
Project("{8BC9CEB8-8B4A-11D0-8D11-00A0C91BC942}") = "Points", "Points\Points.vcxproj", "{2FBDBA16-E4CE-4A10-8606-82FB2759DEEF}"
EndProject
Project("{8BC9CEB8-8B4A-11D0-8D11-00A0C91BC942}") = "Circle", "Circle\Circle.vcxproj", "{83034F9E-FDC6-43CA-8B8A-5C46E4645260}"
EndProject
Project("{8BC9CEB8-8B4A-11D0-8D11-00A0C91BC942}") = "Dino", "Dino\Dino.vcxproj", "{53649F5D-785E-46E4-B580-740265D658A2}"
EndProject
Project("{8BC9CEB8-8B4A-11D0-8D11-00A0C91BC942}") = "SnakeGame", "SnakeGame\SnakeGame.vcxproj", "{9564C6E1-FBE5-42F9-9486-BC3FD6C9FC46}"
EndProject
Project("{8BC9CEB8-8B4A-11D0-8D11-00A0C91BC942}") = "LastOverloading", "LastOverloading\LastOverloading.vcxproj", "{7562D592-6160-4A32-9049-0C559872CD90}"
EndProject
Project("{8BC9CEB8-8B4A-11D0-8D11-00A0C91BC942}") = "MoveConstructor", "MoveConstructor\MoveConstructor.vcxproj", "{C0F74E2B-A83E-4C10-93C8-2B8B6D818A2D}"
EndProject
Project("{FAE04EC0-301F-11D3-BF4B-00C04F79EFBC}") = "CSharp", "CSharp\CSharp.csproj", "{CFD30636-9D20-4C1B-ABD8-83C810AD8420}"
EndProject
Project("{8BC9CEB8-8B4A-11D0-8D11-00A0C91BC942}") = "Polymorphism", "Polymorphism\Polymorphism.vcxproj", "{1BBE08F5-544E-48CE-B1DF-A24D8841D4A1}"
EndProject
Project("{8BC9CEB8-8B4A-11D0-8D11-00A0C91BC942}") = "TemplateClass", "TemplateClass\TemplateClass.vcxproj", "{EE338F5C-D9ED-4F82-B6BD-72B1D861647E}"
EndProject
Project("{8BC9CEB8-8B4A-11D0-8D11-00A0C91BC942}") = "OwnString", "OwnString\OwnString.vcxproj", "{D93AAEBB-E3F2-4BC0-B2A3-486DD1C4FF4A}"
EndProject
Project("{8BC9CEB8-8B4A-11D0-8D11-00A0C91BC942}") = "DataStructures", "DataStructures\DataStructures.vcxproj", "{4873B8FC-E00C-4914-B0F0-F2F81E747706}"
EndProject
Project("{8BC9CEB8-8B4A-11D0-8D11-00A0C91BC942}") = "DoubleLinkedList", "DoubleLinkedList\DoubleLinkedList.vcxproj", "{E49558B8-48C6-47E9-9E97-CCDD0A59C959}"
EndProject
Project("{8BC9CEB8-8B4A-11D0-8D11-00A0C91BC942}") = "BST", "BST\BST.vcxproj", "{DC8F2E18-DCAC-4F14-898E-B94230A2DD4E}"
EndProject
Project("{8BC9CEB8-8B4A-11D0-8D11-00A0C91BC942}") = "NormalOOP", "NormalOOP\NormalOOP.vcxproj", "{0D5261E7-3220-4F03-8F7B-95B248650BE0}"
EndProject
Project("{8BC9CEB8-8B4A-11D0-8D11-00A0C91BC942}") = "OOPPatterns", "OOPPatterns\OOPPatterns.vcxproj", "{6CAE4A9F-55E7-47C5-86C0-352773281432}"
EndProject
Project("{8BC9CEB8-8B4A-11D0-8D11-00A0C91BC942}") = "VTable", "VTable\VTable.vcxproj", "{E24026FC-44B8-4EFF-B462-A2EA98BC3733}"
EndProject
Project("{8BC9CEB8-8B4A-11D0-8D11-00A0C91BC942}") = "Lab_18_2", "Lab_18_2\Lab_18_2.vcxproj", "{D0FC16CD-F5AA-4A09-AD15-E3924106808A}"
EndProject
Project("{8BC9CEB8-8B4A-11D0-8D11-00A0C91BC942}") = "AbstractClass", "AbstractClass\AbstractClass.vcxproj", "{5707E3CD-F14D-4A92-B037-101CAB5B68D2}"
EndProject
Project("{8BC9CEB8-8B4A-11D0-8D11-00A0C91BC942}") = "Facade", "Facade\Facade.vcxproj", "{8362CA24-8A6E-404E-9B9B-F8D2751A6EFE}"
EndProject
Project("{8BC9CEB8-8B4A-11D0-8D11-00A0C91BC942}") = "SampleCRM", "SampleCRM\SampleCRM.vcxproj", "{98CBF5D2-4033-42A2-B321-7D4F59D7A6D7}"
EndProject
Project("{8BC9CEB8-8B4A-11D0-8D11-00A0C91BC942}") = "ExceptionHandling", "ExceptionHandling\ExceptionHandling.vcxproj", "{BAE13FBA-66AD-472B-A718-CC8875F977CF}"
EndProject
Project("{8BC9CEB8-8B4A-11D0-8D11-00A0C91BC942}") = "TDDSample", "TDDSample\TDDSample.vcxproj", "{7E10487F-7C2E-4372-A001-E8AF1C38FD0A}"
EndProject
Project("{8BC9CEB8-8B4A-11D0-8D11-00A0C91BC942}") = "Observer", "Observer\Observer.vcxproj", "{D8F58772-EC6B-496B-982A-76BEB7BFF0C0}"
EndProject
Project("{8BC9CEB8-8B4A-11D0-8D11-00A0C91BC942}") = "Strategy", "Strategy\Strategy.vcxproj", "{D2B249E0-EE14-4F1A-A4E5-8D68351F8CFB}"
EndProject
Project("{8BC9CEB8-8B4A-11D0-8D11-00A0C91BC942}") = "Namespaces", "Namespaces\Namespaces.vcxproj", "{8968A740-7C69-4116-969D-131FE5029280}"
EndProject
Project("{8BC9CEB8-8B4A-11D0-8D11-00A0C91BC942}") = "Proxy", "Proxy\Proxy.vcxproj", "{703CAB44-FDEA-43E4-B963-A49F4D39C60E}"
EndProject
Global
	GlobalSection(SolutionConfigurationPlatforms) = preSolution
		Debug|Any CPU = Debug|Any CPU
		Debug|x64 = Debug|x64
		Debug|x86 = Debug|x86
		Release|Any CPU = Release|Any CPU
		Release|x64 = Release|x64
		Release|x86 = Release|x86
	EndGlobalSection
	GlobalSection(ProjectConfigurationPlatforms) = postSolution
		{8807ADE9-5806-4833-9D31-B5DED2ED1EF1}.Debug|Any CPU.ActiveCfg = Debug|Win32
		{8807ADE9-5806-4833-9D31-B5DED2ED1EF1}.Debug|Any CPU.Build.0 = Debug|Win32
		{8807ADE9-5806-4833-9D31-B5DED2ED1EF1}.Debug|x64.ActiveCfg = Debug|x64
		{8807ADE9-5806-4833-9D31-B5DED2ED1EF1}.Debug|x64.Build.0 = Debug|x64
		{8807ADE9-5806-4833-9D31-B5DED2ED1EF1}.Debug|x86.ActiveCfg = Debug|Win32
		{8807ADE9-5806-4833-9D31-B5DED2ED1EF1}.Debug|x86.Build.0 = Debug|Win32
		{8807ADE9-5806-4833-9D31-B5DED2ED1EF1}.Release|Any CPU.ActiveCfg = Release|Win32
		{8807ADE9-5806-4833-9D31-B5DED2ED1EF1}.Release|x64.ActiveCfg = Release|x64
		{8807ADE9-5806-4833-9D31-B5DED2ED1EF1}.Release|x64.Build.0 = Release|x64
		{8807ADE9-5806-4833-9D31-B5DED2ED1EF1}.Release|x86.ActiveCfg = Release|Win32
		{8807ADE9-5806-4833-9D31-B5DED2ED1EF1}.Release|x86.Build.0 = Release|Win32
		{A2D816BC-F0FB-45FB-B25B-C8D98CDB80E6}.Debug|Any CPU.ActiveCfg = Debug|Win32
		{A2D816BC-F0FB-45FB-B25B-C8D98CDB80E6}.Debug|Any CPU.Build.0 = Debug|Win32
		{A2D816BC-F0FB-45FB-B25B-C8D98CDB80E6}.Debug|x64.ActiveCfg = Debug|x64
		{A2D816BC-F0FB-45FB-B25B-C8D98CDB80E6}.Debug|x64.Build.0 = Debug|x64
		{A2D816BC-F0FB-45FB-B25B-C8D98CDB80E6}.Debug|x86.ActiveCfg = Debug|Win32
		{A2D816BC-F0FB-45FB-B25B-C8D98CDB80E6}.Debug|x86.Build.0 = Debug|Win32
		{A2D816BC-F0FB-45FB-B25B-C8D98CDB80E6}.Release|Any CPU.ActiveCfg = Release|Win32
		{A2D816BC-F0FB-45FB-B25B-C8D98CDB80E6}.Release|x64.ActiveCfg = Release|x64
		{A2D816BC-F0FB-45FB-B25B-C8D98CDB80E6}.Release|x64.Build.0 = Release|x64
		{A2D816BC-F0FB-45FB-B25B-C8D98CDB80E6}.Release|x86.ActiveCfg = Release|Win32
		{A2D816BC-F0FB-45FB-B25B-C8D98CDB80E6}.Release|x86.Build.0 = Release|Win32
		{7A15F008-A5C9-4050-946B-F81E136EFA50}.Debug|Any CPU.ActiveCfg = Debug|Win32
		{7A15F008-A5C9-4050-946B-F81E136EFA50}.Debug|Any CPU.Build.0 = Debug|Win32
		{7A15F008-A5C9-4050-946B-F81E136EFA50}.Debug|x64.ActiveCfg = Debug|x64
		{7A15F008-A5C9-4050-946B-F81E136EFA50}.Debug|x64.Build.0 = Debug|x64
		{7A15F008-A5C9-4050-946B-F81E136EFA50}.Debug|x86.ActiveCfg = Debug|Win32
		{7A15F008-A5C9-4050-946B-F81E136EFA50}.Debug|x86.Build.0 = Debug|Win32
		{7A15F008-A5C9-4050-946B-F81E136EFA50}.Release|Any CPU.ActiveCfg = Release|Win32
		{7A15F008-A5C9-4050-946B-F81E136EFA50}.Release|x64.ActiveCfg = Release|x64
		{7A15F008-A5C9-4050-946B-F81E136EFA50}.Release|x64.Build.0 = Release|x64
		{7A15F008-A5C9-4050-946B-F81E136EFA50}.Release|x86.ActiveCfg = Release|Win32
		{7A15F008-A5C9-4050-946B-F81E136EFA50}.Release|x86.Build.0 = Release|Win32
		{64566D93-1D49-4F01-91A1-9D7C33F8DE98}.Debug|Any CPU.ActiveCfg = Debug|Win32
		{64566D93-1D49-4F01-91A1-9D7C33F8DE98}.Debug|Any CPU.Build.0 = Debug|Win32
		{64566D93-1D49-4F01-91A1-9D7C33F8DE98}.Debug|x64.ActiveCfg = Debug|x64
		{64566D93-1D49-4F01-91A1-9D7C33F8DE98}.Debug|x64.Build.0 = Debug|x64
		{64566D93-1D49-4F01-91A1-9D7C33F8DE98}.Debug|x86.ActiveCfg = Debug|Win32
		{64566D93-1D49-4F01-91A1-9D7C33F8DE98}.Debug|x86.Build.0 = Debug|Win32
		{64566D93-1D49-4F01-91A1-9D7C33F8DE98}.Release|Any CPU.ActiveCfg = Release|Win32
		{64566D93-1D49-4F01-91A1-9D7C33F8DE98}.Release|x64.ActiveCfg = Release|x64
		{64566D93-1D49-4F01-91A1-9D7C33F8DE98}.Release|x64.Build.0 = Release|x64
		{64566D93-1D49-4F01-91A1-9D7C33F8DE98}.Release|x86.ActiveCfg = Release|Win32
		{64566D93-1D49-4F01-91A1-9D7C33F8DE98}.Release|x86.Build.0 = Release|Win32
		{B0D2ED45-13A3-41E0-AFC5-7B973B986A0B}.Debug|Any CPU.ActiveCfg = Debug|Win32
		{B0D2ED45-13A3-41E0-AFC5-7B973B986A0B}.Debug|Any CPU.Build.0 = Debug|Win32
		{B0D2ED45-13A3-41E0-AFC5-7B973B986A0B}.Debug|x64.ActiveCfg = Debug|x64
		{B0D2ED45-13A3-41E0-AFC5-7B973B986A0B}.Debug|x64.Build.0 = Debug|x64
		{B0D2ED45-13A3-41E0-AFC5-7B973B986A0B}.Debug|x86.ActiveCfg = Debug|Win32
		{B0D2ED45-13A3-41E0-AFC5-7B973B986A0B}.Debug|x86.Build.0 = Debug|Win32
		{B0D2ED45-13A3-41E0-AFC5-7B973B986A0B}.Release|Any CPU.ActiveCfg = Release|Win32
		{B0D2ED45-13A3-41E0-AFC5-7B973B986A0B}.Release|x64.ActiveCfg = Release|x64
		{B0D2ED45-13A3-41E0-AFC5-7B973B986A0B}.Release|x64.Build.0 = Release|x64
		{B0D2ED45-13A3-41E0-AFC5-7B973B986A0B}.Release|x86.ActiveCfg = Release|Win32
		{B0D2ED45-13A3-41E0-AFC5-7B973B986A0B}.Release|x86.Build.0 = Release|Win32
		{F8697200-D406-44F5-A07E-B1E3B83E004F}.Debug|Any CPU.ActiveCfg = Debug|Win32
		{F8697200-D406-44F5-A07E-B1E3B83E004F}.Debug|Any CPU.Build.0 = Debug|Win32
		{F8697200-D406-44F5-A07E-B1E3B83E004F}.Debug|x64.ActiveCfg = Debug|x64
		{F8697200-D406-44F5-A07E-B1E3B83E004F}.Debug|x64.Build.0 = Debug|x64
		{F8697200-D406-44F5-A07E-B1E3B83E004F}.Debug|x86.ActiveCfg = Debug|Win32
		{F8697200-D406-44F5-A07E-B1E3B83E004F}.Debug|x86.Build.0 = Debug|Win32
		{F8697200-D406-44F5-A07E-B1E3B83E004F}.Release|Any CPU.ActiveCfg = Release|Win32
		{F8697200-D406-44F5-A07E-B1E3B83E004F}.Release|x64.ActiveCfg = Release|x64
		{F8697200-D406-44F5-A07E-B1E3B83E004F}.Release|x64.Build.0 = Release|x64
		{F8697200-D406-44F5-A07E-B1E3B83E004F}.Release|x86.ActiveCfg = Release|Win32
		{F8697200-D406-44F5-A07E-B1E3B83E004F}.Release|x86.Build.0 = Release|Win32
		{C938DF90-E3E0-44E8-95E5-BC78DF79A0A2}.Debug|Any CPU.ActiveCfg = Debug|Win32
		{C938DF90-E3E0-44E8-95E5-BC78DF79A0A2}.Debug|Any CPU.Build.0 = Debug|Win32
		{C938DF90-E3E0-44E8-95E5-BC78DF79A0A2}.Debug|x64.ActiveCfg = Debug|x64
		{C938DF90-E3E0-44E8-95E5-BC78DF79A0A2}.Debug|x64.Build.0 = Debug|x64
		{C938DF90-E3E0-44E8-95E5-BC78DF79A0A2}.Debug|x86.ActiveCfg = Debug|Win32
		{C938DF90-E3E0-44E8-95E5-BC78DF79A0A2}.Debug|x86.Build.0 = Debug|Win32
		{C938DF90-E3E0-44E8-95E5-BC78DF79A0A2}.Release|Any CPU.ActiveCfg = Release|Win32
		{C938DF90-E3E0-44E8-95E5-BC78DF79A0A2}.Release|x64.ActiveCfg = Release|x64
		{C938DF90-E3E0-44E8-95E5-BC78DF79A0A2}.Release|x64.Build.0 = Release|x64
		{C938DF90-E3E0-44E8-95E5-BC78DF79A0A2}.Release|x86.ActiveCfg = Release|Win32
		{C938DF90-E3E0-44E8-95E5-BC78DF79A0A2}.Release|x86.Build.0 = Release|Win32
		{860BD8C1-F741-4F98-90DE-A32D7887D1BE}.Debug|Any CPU.ActiveCfg = Debug|Win32
		{860BD8C1-F741-4F98-90DE-A32D7887D1BE}.Debug|Any CPU.Build.0 = Debug|Win32
		{860BD8C1-F741-4F98-90DE-A32D7887D1BE}.Debug|x64.ActiveCfg = Debug|x64
		{860BD8C1-F741-4F98-90DE-A32D7887D1BE}.Debug|x64.Build.0 = Debug|x64
		{860BD8C1-F741-4F98-90DE-A32D7887D1BE}.Debug|x86.ActiveCfg = Debug|Win32
		{860BD8C1-F741-4F98-90DE-A32D7887D1BE}.Debug|x86.Build.0 = Debug|Win32
		{860BD8C1-F741-4F98-90DE-A32D7887D1BE}.Release|Any CPU.ActiveCfg = Release|Win32
		{860BD8C1-F741-4F98-90DE-A32D7887D1BE}.Release|x64.ActiveCfg = Release|x64
		{860BD8C1-F741-4F98-90DE-A32D7887D1BE}.Release|x64.Build.0 = Release|x64
		{860BD8C1-F741-4F98-90DE-A32D7887D1BE}.Release|x86.ActiveCfg = Release|Win32
		{860BD8C1-F741-4F98-90DE-A32D7887D1BE}.Release|x86.Build.0 = Release|Win32
		{45212410-36CA-4B7A-B8FA-FEF810ABB314}.Debug|Any CPU.ActiveCfg = Debug|Win32
		{45212410-36CA-4B7A-B8FA-FEF810ABB314}.Debug|Any CPU.Build.0 = Debug|Win32
		{45212410-36CA-4B7A-B8FA-FEF810ABB314}.Debug|x64.ActiveCfg = Debug|x64
		{45212410-36CA-4B7A-B8FA-FEF810ABB314}.Debug|x64.Build.0 = Debug|x64
		{45212410-36CA-4B7A-B8FA-FEF810ABB314}.Debug|x86.ActiveCfg = Debug|Win32
		{45212410-36CA-4B7A-B8FA-FEF810ABB314}.Debug|x86.Build.0 = Debug|Win32
		{45212410-36CA-4B7A-B8FA-FEF810ABB314}.Release|Any CPU.ActiveCfg = Release|Win32
		{45212410-36CA-4B7A-B8FA-FEF810ABB314}.Release|x64.ActiveCfg = Release|x64
		{45212410-36CA-4B7A-B8FA-FEF810ABB314}.Release|x64.Build.0 = Release|x64
		{45212410-36CA-4B7A-B8FA-FEF810ABB314}.Release|x86.ActiveCfg = Release|Win32
		{45212410-36CA-4B7A-B8FA-FEF810ABB314}.Release|x86.Build.0 = Release|Win32
		{FD65497E-5406-4696-A0A5-2ADEE13C483D}.Debug|Any CPU.ActiveCfg = Debug|Win32
		{FD65497E-5406-4696-A0A5-2ADEE13C483D}.Debug|Any CPU.Build.0 = Debug|Win32
		{FD65497E-5406-4696-A0A5-2ADEE13C483D}.Debug|x64.ActiveCfg = Debug|x64
		{FD65497E-5406-4696-A0A5-2ADEE13C483D}.Debug|x64.Build.0 = Debug|x64
		{FD65497E-5406-4696-A0A5-2ADEE13C483D}.Debug|x86.ActiveCfg = Debug|Win32
		{FD65497E-5406-4696-A0A5-2ADEE13C483D}.Debug|x86.Build.0 = Debug|Win32
		{FD65497E-5406-4696-A0A5-2ADEE13C483D}.Release|Any CPU.ActiveCfg = Release|Win32
		{FD65497E-5406-4696-A0A5-2ADEE13C483D}.Release|x64.ActiveCfg = Release|x64
		{FD65497E-5406-4696-A0A5-2ADEE13C483D}.Release|x64.Build.0 = Release|x64
		{FD65497E-5406-4696-A0A5-2ADEE13C483D}.Release|x86.ActiveCfg = Release|Win32
		{FD65497E-5406-4696-A0A5-2ADEE13C483D}.Release|x86.Build.0 = Release|Win32
		{FAE60A9F-B321-4E10-AA9F-7D0EB3FDB230}.Debug|Any CPU.ActiveCfg = Debug|Win32
		{FAE60A9F-B321-4E10-AA9F-7D0EB3FDB230}.Debug|Any CPU.Build.0 = Debug|Win32
		{FAE60A9F-B321-4E10-AA9F-7D0EB3FDB230}.Debug|x64.ActiveCfg = Debug|x64
		{FAE60A9F-B321-4E10-AA9F-7D0EB3FDB230}.Debug|x64.Build.0 = Debug|x64
		{FAE60A9F-B321-4E10-AA9F-7D0EB3FDB230}.Debug|x86.ActiveCfg = Debug|Win32
		{FAE60A9F-B321-4E10-AA9F-7D0EB3FDB230}.Debug|x86.Build.0 = Debug|Win32
		{FAE60A9F-B321-4E10-AA9F-7D0EB3FDB230}.Release|Any CPU.ActiveCfg = Release|Win32
		{FAE60A9F-B321-4E10-AA9F-7D0EB3FDB230}.Release|x64.ActiveCfg = Release|x64
		{FAE60A9F-B321-4E10-AA9F-7D0EB3FDB230}.Release|x64.Build.0 = Release|x64
		{FAE60A9F-B321-4E10-AA9F-7D0EB3FDB230}.Release|x86.ActiveCfg = Release|Win32
		{FAE60A9F-B321-4E10-AA9F-7D0EB3FDB230}.Release|x86.Build.0 = Release|Win32
		{2FBDBA16-E4CE-4A10-8606-82FB2759DEEF}.Debug|Any CPU.ActiveCfg = Debug|Win32
		{2FBDBA16-E4CE-4A10-8606-82FB2759DEEF}.Debug|Any CPU.Build.0 = Debug|Win32
		{2FBDBA16-E4CE-4A10-8606-82FB2759DEEF}.Debug|x64.ActiveCfg = Debug|x64
		{2FBDBA16-E4CE-4A10-8606-82FB2759DEEF}.Debug|x64.Build.0 = Debug|x64
		{2FBDBA16-E4CE-4A10-8606-82FB2759DEEF}.Debug|x86.ActiveCfg = Debug|Win32
		{2FBDBA16-E4CE-4A10-8606-82FB2759DEEF}.Debug|x86.Build.0 = Debug|Win32
		{2FBDBA16-E4CE-4A10-8606-82FB2759DEEF}.Release|Any CPU.ActiveCfg = Release|Win32
		{2FBDBA16-E4CE-4A10-8606-82FB2759DEEF}.Release|x64.ActiveCfg = Release|x64
		{2FBDBA16-E4CE-4A10-8606-82FB2759DEEF}.Release|x64.Build.0 = Release|x64
		{2FBDBA16-E4CE-4A10-8606-82FB2759DEEF}.Release|x86.ActiveCfg = Release|Win32
		{2FBDBA16-E4CE-4A10-8606-82FB2759DEEF}.Release|x86.Build.0 = Release|Win32
		{83034F9E-FDC6-43CA-8B8A-5C46E4645260}.Debug|Any CPU.ActiveCfg = Debug|Win32
		{83034F9E-FDC6-43CA-8B8A-5C46E4645260}.Debug|Any CPU.Build.0 = Debug|Win32
		{83034F9E-FDC6-43CA-8B8A-5C46E4645260}.Debug|x64.ActiveCfg = Debug|x64
		{83034F9E-FDC6-43CA-8B8A-5C46E4645260}.Debug|x64.Build.0 = Debug|x64
		{83034F9E-FDC6-43CA-8B8A-5C46E4645260}.Debug|x86.ActiveCfg = Debug|Win32
		{83034F9E-FDC6-43CA-8B8A-5C46E4645260}.Debug|x86.Build.0 = Debug|Win32
		{83034F9E-FDC6-43CA-8B8A-5C46E4645260}.Release|Any CPU.ActiveCfg = Release|Win32
		{83034F9E-FDC6-43CA-8B8A-5C46E4645260}.Release|x64.ActiveCfg = Release|x64
		{83034F9E-FDC6-43CA-8B8A-5C46E4645260}.Release|x64.Build.0 = Release|x64
		{83034F9E-FDC6-43CA-8B8A-5C46E4645260}.Release|x86.ActiveCfg = Release|Win32
		{83034F9E-FDC6-43CA-8B8A-5C46E4645260}.Release|x86.Build.0 = Release|Win32
		{53649F5D-785E-46E4-B580-740265D658A2}.Debug|Any CPU.ActiveCfg = Debug|Win32
		{53649F5D-785E-46E4-B580-740265D658A2}.Debug|Any CPU.Build.0 = Debug|Win32
		{53649F5D-785E-46E4-B580-740265D658A2}.Debug|x64.ActiveCfg = Debug|x64
		{53649F5D-785E-46E4-B580-740265D658A2}.Debug|x64.Build.0 = Debug|x64
		{53649F5D-785E-46E4-B580-740265D658A2}.Debug|x86.ActiveCfg = Debug|Win32
		{53649F5D-785E-46E4-B580-740265D658A2}.Debug|x86.Build.0 = Debug|Win32
		{53649F5D-785E-46E4-B580-740265D658A2}.Release|Any CPU.ActiveCfg = Release|Win32
		{53649F5D-785E-46E4-B580-740265D658A2}.Release|x64.ActiveCfg = Release|x64
		{53649F5D-785E-46E4-B580-740265D658A2}.Release|x64.Build.0 = Release|x64
		{53649F5D-785E-46E4-B580-740265D658A2}.Release|x86.ActiveCfg = Release|Win32
		{53649F5D-785E-46E4-B580-740265D658A2}.Release|x86.Build.0 = Release|Win32
		{9564C6E1-FBE5-42F9-9486-BC3FD6C9FC46}.Debug|Any CPU.ActiveCfg = Debug|Win32
		{9564C6E1-FBE5-42F9-9486-BC3FD6C9FC46}.Debug|Any CPU.Build.0 = Debug|Win32
		{9564C6E1-FBE5-42F9-9486-BC3FD6C9FC46}.Debug|x64.ActiveCfg = Debug|x64
		{9564C6E1-FBE5-42F9-9486-BC3FD6C9FC46}.Debug|x64.Build.0 = Debug|x64
		{9564C6E1-FBE5-42F9-9486-BC3FD6C9FC46}.Debug|x86.ActiveCfg = Debug|Win32
		{9564C6E1-FBE5-42F9-9486-BC3FD6C9FC46}.Debug|x86.Build.0 = Debug|Win32
		{9564C6E1-FBE5-42F9-9486-BC3FD6C9FC46}.Release|Any CPU.ActiveCfg = Release|Win32
		{9564C6E1-FBE5-42F9-9486-BC3FD6C9FC46}.Release|x64.ActiveCfg = Release|x64
		{9564C6E1-FBE5-42F9-9486-BC3FD6C9FC46}.Release|x64.Build.0 = Release|x64
		{9564C6E1-FBE5-42F9-9486-BC3FD6C9FC46}.Release|x86.ActiveCfg = Release|Win32
		{9564C6E1-FBE5-42F9-9486-BC3FD6C9FC46}.Release|x86.Build.0 = Release|Win32
		{7562D592-6160-4A32-9049-0C559872CD90}.Debug|Any CPU.ActiveCfg = Debug|Win32
		{7562D592-6160-4A32-9049-0C559872CD90}.Debug|Any CPU.Build.0 = Debug|Win32
		{7562D592-6160-4A32-9049-0C559872CD90}.Debug|x64.ActiveCfg = Debug|x64
		{7562D592-6160-4A32-9049-0C559872CD90}.Debug|x64.Build.0 = Debug|x64
		{7562D592-6160-4A32-9049-0C559872CD90}.Debug|x86.ActiveCfg = Debug|Win32
		{7562D592-6160-4A32-9049-0C559872CD90}.Debug|x86.Build.0 = Debug|Win32
		{7562D592-6160-4A32-9049-0C559872CD90}.Release|Any CPU.ActiveCfg = Release|Win32
		{7562D592-6160-4A32-9049-0C559872CD90}.Release|x64.ActiveCfg = Release|x64
		{7562D592-6160-4A32-9049-0C559872CD90}.Release|x64.Build.0 = Release|x64
		{7562D592-6160-4A32-9049-0C559872CD90}.Release|x86.ActiveCfg = Release|Win32
		{7562D592-6160-4A32-9049-0C559872CD90}.Release|x86.Build.0 = Release|Win32
		{C0F74E2B-A83E-4C10-93C8-2B8B6D818A2D}.Debug|Any CPU.ActiveCfg = Debug|Win32
		{C0F74E2B-A83E-4C10-93C8-2B8B6D818A2D}.Debug|Any CPU.Build.0 = Debug|Win32
		{C0F74E2B-A83E-4C10-93C8-2B8B6D818A2D}.Debug|x64.ActiveCfg = Debug|x64
		{C0F74E2B-A83E-4C10-93C8-2B8B6D818A2D}.Debug|x64.Build.0 = Debug|x64
		{C0F74E2B-A83E-4C10-93C8-2B8B6D818A2D}.Debug|x86.ActiveCfg = Debug|Win32
		{C0F74E2B-A83E-4C10-93C8-2B8B6D818A2D}.Debug|x86.Build.0 = Debug|Win32
		{C0F74E2B-A83E-4C10-93C8-2B8B6D818A2D}.Release|Any CPU.ActiveCfg = Release|Win32
		{C0F74E2B-A83E-4C10-93C8-2B8B6D818A2D}.Release|x64.ActiveCfg = Release|x64
		{C0F74E2B-A83E-4C10-93C8-2B8B6D818A2D}.Release|x64.Build.0 = Release|x64
		{C0F74E2B-A83E-4C10-93C8-2B8B6D818A2D}.Release|x86.ActiveCfg = Release|Win32
		{C0F74E2B-A83E-4C10-93C8-2B8B6D818A2D}.Release|x86.Build.0 = Release|Win32
		{CFD30636-9D20-4C1B-ABD8-83C810AD8420}.Debug|Any CPU.ActiveCfg = Debug|Any CPU
		{CFD30636-9D20-4C1B-ABD8-83C810AD8420}.Debug|Any CPU.Build.0 = Debug|Any CPU
		{CFD30636-9D20-4C1B-ABD8-83C810AD8420}.Debug|x64.ActiveCfg = Debug|Any CPU
		{CFD30636-9D20-4C1B-ABD8-83C810AD8420}.Debug|x64.Build.0 = Debug|Any CPU
		{CFD30636-9D20-4C1B-ABD8-83C810AD8420}.Debug|x86.ActiveCfg = Debug|Any CPU
		{CFD30636-9D20-4C1B-ABD8-83C810AD8420}.Debug|x86.Build.0 = Debug|Any CPU
		{CFD30636-9D20-4C1B-ABD8-83C810AD8420}.Release|Any CPU.ActiveCfg = Release|Any CPU
		{CFD30636-9D20-4C1B-ABD8-83C810AD8420}.Release|Any CPU.Build.0 = Release|Any CPU
		{CFD30636-9D20-4C1B-ABD8-83C810AD8420}.Release|x64.ActiveCfg = Release|Any CPU
		{CFD30636-9D20-4C1B-ABD8-83C810AD8420}.Release|x64.Build.0 = Release|Any CPU
		{CFD30636-9D20-4C1B-ABD8-83C810AD8420}.Release|x86.ActiveCfg = Release|Any CPU
		{CFD30636-9D20-4C1B-ABD8-83C810AD8420}.Release|x86.Build.0 = Release|Any CPU
		{1BBE08F5-544E-48CE-B1DF-A24D8841D4A1}.Debug|Any CPU.ActiveCfg = Debug|Win32
		{1BBE08F5-544E-48CE-B1DF-A24D8841D4A1}.Debug|Any CPU.Build.0 = Debug|Win32
		{1BBE08F5-544E-48CE-B1DF-A24D8841D4A1}.Debug|x64.ActiveCfg = Debug|x64
		{1BBE08F5-544E-48CE-B1DF-A24D8841D4A1}.Debug|x64.Build.0 = Debug|x64
		{1BBE08F5-544E-48CE-B1DF-A24D8841D4A1}.Debug|x86.ActiveCfg = Debug|Win32
		{1BBE08F5-544E-48CE-B1DF-A24D8841D4A1}.Debug|x86.Build.0 = Debug|Win32
		{1BBE08F5-544E-48CE-B1DF-A24D8841D4A1}.Release|Any CPU.ActiveCfg = Release|Win32
		{1BBE08F5-544E-48CE-B1DF-A24D8841D4A1}.Release|x64.ActiveCfg = Release|x64
		{1BBE08F5-544E-48CE-B1DF-A24D8841D4A1}.Release|x64.Build.0 = Release|x64
		{1BBE08F5-544E-48CE-B1DF-A24D8841D4A1}.Release|x86.ActiveCfg = Release|Win32
		{1BBE08F5-544E-48CE-B1DF-A24D8841D4A1}.Release|x86.Build.0 = Release|Win32
		{EE338F5C-D9ED-4F82-B6BD-72B1D861647E}.Debug|Any CPU.ActiveCfg = Debug|Win32
		{EE338F5C-D9ED-4F82-B6BD-72B1D861647E}.Debug|Any CPU.Build.0 = Debug|Win32
		{EE338F5C-D9ED-4F82-B6BD-72B1D861647E}.Debug|x64.ActiveCfg = Debug|x64
		{EE338F5C-D9ED-4F82-B6BD-72B1D861647E}.Debug|x64.Build.0 = Debug|x64
		{EE338F5C-D9ED-4F82-B6BD-72B1D861647E}.Debug|x86.ActiveCfg = Debug|Win32
		{EE338F5C-D9ED-4F82-B6BD-72B1D861647E}.Debug|x86.Build.0 = Debug|Win32
		{EE338F5C-D9ED-4F82-B6BD-72B1D861647E}.Release|Any CPU.ActiveCfg = Release|Win32
		{EE338F5C-D9ED-4F82-B6BD-72B1D861647E}.Release|x64.ActiveCfg = Release|x64
		{EE338F5C-D9ED-4F82-B6BD-72B1D861647E}.Release|x64.Build.0 = Release|x64
		{EE338F5C-D9ED-4F82-B6BD-72B1D861647E}.Release|x86.ActiveCfg = Release|Win32
		{EE338F5C-D9ED-4F82-B6BD-72B1D861647E}.Release|x86.Build.0 = Release|Win32
		{D93AAEBB-E3F2-4BC0-B2A3-486DD1C4FF4A}.Debug|Any CPU.ActiveCfg = Debug|Win32
		{D93AAEBB-E3F2-4BC0-B2A3-486DD1C4FF4A}.Debug|Any CPU.Build.0 = Debug|Win32
		{D93AAEBB-E3F2-4BC0-B2A3-486DD1C4FF4A}.Debug|x64.ActiveCfg = Debug|x64
		{D93AAEBB-E3F2-4BC0-B2A3-486DD1C4FF4A}.Debug|x64.Build.0 = Debug|x64
		{D93AAEBB-E3F2-4BC0-B2A3-486DD1C4FF4A}.Debug|x86.ActiveCfg = Debug|Win32
		{D93AAEBB-E3F2-4BC0-B2A3-486DD1C4FF4A}.Debug|x86.Build.0 = Debug|Win32
		{D93AAEBB-E3F2-4BC0-B2A3-486DD1C4FF4A}.Release|Any CPU.ActiveCfg = Release|Win32
		{D93AAEBB-E3F2-4BC0-B2A3-486DD1C4FF4A}.Release|x64.ActiveCfg = Release|x64
		{D93AAEBB-E3F2-4BC0-B2A3-486DD1C4FF4A}.Release|x64.Build.0 = Release|x64
		{D93AAEBB-E3F2-4BC0-B2A3-486DD1C4FF4A}.Release|x86.ActiveCfg = Release|Win32
		{D93AAEBB-E3F2-4BC0-B2A3-486DD1C4FF4A}.Release|x86.Build.0 = Release|Win32
		{4873B8FC-E00C-4914-B0F0-F2F81E747706}.Debug|Any CPU.ActiveCfg = Debug|Win32
		{4873B8FC-E00C-4914-B0F0-F2F81E747706}.Debug|Any CPU.Build.0 = Debug|Win32
		{4873B8FC-E00C-4914-B0F0-F2F81E747706}.Debug|Any CPU.Deploy.0 = Debug|Win32
		{4873B8FC-E00C-4914-B0F0-F2F81E747706}.Debug|x64.ActiveCfg = Debug|x64
		{4873B8FC-E00C-4914-B0F0-F2F81E747706}.Debug|x64.Build.0 = Debug|x64
		{4873B8FC-E00C-4914-B0F0-F2F81E747706}.Debug|x86.ActiveCfg = Debug|Win32
		{4873B8FC-E00C-4914-B0F0-F2F81E747706}.Debug|x86.Build.0 = Debug|Win32
		{4873B8FC-E00C-4914-B0F0-F2F81E747706}.Release|Any CPU.ActiveCfg = Release|Win32
		{4873B8FC-E00C-4914-B0F0-F2F81E747706}.Release|x64.ActiveCfg = Release|x64
		{4873B8FC-E00C-4914-B0F0-F2F81E747706}.Release|x64.Build.0 = Release|x64
		{4873B8FC-E00C-4914-B0F0-F2F81E747706}.Release|x86.ActiveCfg = Release|Win32
		{4873B8FC-E00C-4914-B0F0-F2F81E747706}.Release|x86.Build.0 = Release|Win32
		{E49558B8-48C6-47E9-9E97-CCDD0A59C959}.Debug|Any CPU.ActiveCfg = Debug|Win32
		{E49558B8-48C6-47E9-9E97-CCDD0A59C959}.Debug|Any CPU.Build.0 = Debug|Win32
		{E49558B8-48C6-47E9-9E97-CCDD0A59C959}.Debug|x64.ActiveCfg = Debug|x64
		{E49558B8-48C6-47E9-9E97-CCDD0A59C959}.Debug|x64.Build.0 = Debug|x64
		{E49558B8-48C6-47E9-9E97-CCDD0A59C959}.Debug|x86.ActiveCfg = Debug|Win32
		{E49558B8-48C6-47E9-9E97-CCDD0A59C959}.Debug|x86.Build.0 = Debug|Win32
		{E49558B8-48C6-47E9-9E97-CCDD0A59C959}.Release|Any CPU.ActiveCfg = Release|Win32
		{E49558B8-48C6-47E9-9E97-CCDD0A59C959}.Release|x64.ActiveCfg = Release|x64
		{E49558B8-48C6-47E9-9E97-CCDD0A59C959}.Release|x64.Build.0 = Release|x64
		{E49558B8-48C6-47E9-9E97-CCDD0A59C959}.Release|x86.ActiveCfg = Release|Win32
		{E49558B8-48C6-47E9-9E97-CCDD0A59C959}.Release|x86.Build.0 = Release|Win32
		{DC8F2E18-DCAC-4F14-898E-B94230A2DD4E}.Debug|Any CPU.ActiveCfg = Debug|Win32
		{DC8F2E18-DCAC-4F14-898E-B94230A2DD4E}.Debug|Any CPU.Build.0 = Debug|Win32
		{DC8F2E18-DCAC-4F14-898E-B94230A2DD4E}.Debug|x64.ActiveCfg = Debug|x64
		{DC8F2E18-DCAC-4F14-898E-B94230A2DD4E}.Debug|x64.Build.0 = Debug|x64
		{DC8F2E18-DCAC-4F14-898E-B94230A2DD4E}.Debug|x86.ActiveCfg = Debug|Win32
		{DC8F2E18-DCAC-4F14-898E-B94230A2DD4E}.Debug|x86.Build.0 = Debug|Win32
		{DC8F2E18-DCAC-4F14-898E-B94230A2DD4E}.Release|Any CPU.ActiveCfg = Release|Win32
		{DC8F2E18-DCAC-4F14-898E-B94230A2DD4E}.Release|x64.ActiveCfg = Release|x64
		{DC8F2E18-DCAC-4F14-898E-B94230A2DD4E}.Release|x64.Build.0 = Release|x64
		{DC8F2E18-DCAC-4F14-898E-B94230A2DD4E}.Release|x86.ActiveCfg = Release|Win32
		{DC8F2E18-DCAC-4F14-898E-B94230A2DD4E}.Release|x86.Build.0 = Release|Win32
		{0D5261E7-3220-4F03-8F7B-95B248650BE0}.Debug|Any CPU.ActiveCfg = Debug|Win32
		{0D5261E7-3220-4F03-8F7B-95B248650BE0}.Debug|Any CPU.Build.0 = Debug|Win32
		{0D5261E7-3220-4F03-8F7B-95B248650BE0}.Debug|x64.ActiveCfg = Debug|x64
		{0D5261E7-3220-4F03-8F7B-95B248650BE0}.Debug|x64.Build.0 = Debug|x64
		{0D5261E7-3220-4F03-8F7B-95B248650BE0}.Debug|x86.ActiveCfg = Debug|Win32
		{0D5261E7-3220-4F03-8F7B-95B248650BE0}.Debug|x86.Build.0 = Debug|Win32
		{0D5261E7-3220-4F03-8F7B-95B248650BE0}.Release|Any CPU.ActiveCfg = Release|Win32
		{0D5261E7-3220-4F03-8F7B-95B248650BE0}.Release|x64.ActiveCfg = Release|x64
		{0D5261E7-3220-4F03-8F7B-95B248650BE0}.Release|x64.Build.0 = Release|x64
		{0D5261E7-3220-4F03-8F7B-95B248650BE0}.Release|x86.ActiveCfg = Release|Win32
		{0D5261E7-3220-4F03-8F7B-95B248650BE0}.Release|x86.Build.0 = Release|Win32
		{6CAE4A9F-55E7-47C5-86C0-352773281432}.Debug|Any CPU.ActiveCfg = Debug|Win32
		{6CAE4A9F-55E7-47C5-86C0-352773281432}.Debug|Any CPU.Build.0 = Debug|Win32
		{6CAE4A9F-55E7-47C5-86C0-352773281432}.Debug|x64.ActiveCfg = Debug|x64
		{6CAE4A9F-55E7-47C5-86C0-352773281432}.Debug|x64.Build.0 = Debug|x64
		{6CAE4A9F-55E7-47C5-86C0-352773281432}.Debug|x86.ActiveCfg = Debug|Win32
		{6CAE4A9F-55E7-47C5-86C0-352773281432}.Debug|x86.Build.0 = Debug|Win32
		{6CAE4A9F-55E7-47C5-86C0-352773281432}.Release|Any CPU.ActiveCfg = Release|Win32
		{6CAE4A9F-55E7-47C5-86C0-352773281432}.Release|x64.ActiveCfg = Release|x64
		{6CAE4A9F-55E7-47C5-86C0-352773281432}.Release|x64.Build.0 = Release|x64
		{6CAE4A9F-55E7-47C5-86C0-352773281432}.Release|x86.ActiveCfg = Release|Win32
		{6CAE4A9F-55E7-47C5-86C0-352773281432}.Release|x86.Build.0 = Release|Win32
		{E24026FC-44B8-4EFF-B462-A2EA98BC3733}.Debug|Any CPU.ActiveCfg = Debug|Win32
		{E24026FC-44B8-4EFF-B462-A2EA98BC3733}.Debug|Any CPU.Build.0 = Debug|Win32
		{E24026FC-44B8-4EFF-B462-A2EA98BC3733}.Debug|x64.ActiveCfg = Debug|x64
		{E24026FC-44B8-4EFF-B462-A2EA98BC3733}.Debug|x64.Build.0 = Debug|x64
		{E24026FC-44B8-4EFF-B462-A2EA98BC3733}.Debug|x86.ActiveCfg = Debug|Win32
		{E24026FC-44B8-4EFF-B462-A2EA98BC3733}.Debug|x86.Build.0 = Debug|Win32
		{E24026FC-44B8-4EFF-B462-A2EA98BC3733}.Release|Any CPU.ActiveCfg = Release|Win32
		{E24026FC-44B8-4EFF-B462-A2EA98BC3733}.Release|x64.ActiveCfg = Release|x64
		{E24026FC-44B8-4EFF-B462-A2EA98BC3733}.Release|x64.Build.0 = Release|x64
		{E24026FC-44B8-4EFF-B462-A2EA98BC3733}.Release|x86.ActiveCfg = Release|Win32
		{E24026FC-44B8-4EFF-B462-A2EA98BC3733}.Release|x86.Build.0 = Release|Win32
		{D0FC16CD-F5AA-4A09-AD15-E3924106808A}.Debug|Any CPU.ActiveCfg = Debug|Win32
		{D0FC16CD-F5AA-4A09-AD15-E3924106808A}.Debug|Any CPU.Build.0 = Debug|Win32
		{D0FC16CD-F5AA-4A09-AD15-E3924106808A}.Debug|x64.ActiveCfg = Debug|x64
		{D0FC16CD-F5AA-4A09-AD15-E3924106808A}.Debug|x64.Build.0 = Debug|x64
		{D0FC16CD-F5AA-4A09-AD15-E3924106808A}.Debug|x86.ActiveCfg = Debug|Win32
		{D0FC16CD-F5AA-4A09-AD15-E3924106808A}.Debug|x86.Build.0 = Debug|Win32
		{D0FC16CD-F5AA-4A09-AD15-E3924106808A}.Release|Any CPU.ActiveCfg = Release|Win32
		{D0FC16CD-F5AA-4A09-AD15-E3924106808A}.Release|x64.ActiveCfg = Release|x64
		{D0FC16CD-F5AA-4A09-AD15-E3924106808A}.Release|x64.Build.0 = Release|x64
		{D0FC16CD-F5AA-4A09-AD15-E3924106808A}.Release|x86.ActiveCfg = Release|Win32
		{D0FC16CD-F5AA-4A09-AD15-E3924106808A}.Release|x86.Build.0 = Release|Win32
		{5707E3CD-F14D-4A92-B037-101CAB5B68D2}.Debug|Any CPU.ActiveCfg = Debug|Win32
		{5707E3CD-F14D-4A92-B037-101CAB5B68D2}.Debug|Any CPU.Build.0 = Debug|Win32
		{5707E3CD-F14D-4A92-B037-101CAB5B68D2}.Debug|x64.ActiveCfg = Debug|x64
		{5707E3CD-F14D-4A92-B037-101CAB5B68D2}.Debug|x64.Build.0 = Debug|x64
		{5707E3CD-F14D-4A92-B037-101CAB5B68D2}.Debug|x86.ActiveCfg = Debug|Win32
		{5707E3CD-F14D-4A92-B037-101CAB5B68D2}.Debug|x86.Build.0 = Debug|Win32
		{5707E3CD-F14D-4A92-B037-101CAB5B68D2}.Release|Any CPU.ActiveCfg = Release|Win32
		{5707E3CD-F14D-4A92-B037-101CAB5B68D2}.Release|x64.ActiveCfg = Release|x64
		{5707E3CD-F14D-4A92-B037-101CAB5B68D2}.Release|x64.Build.0 = Release|x64
		{5707E3CD-F14D-4A92-B037-101CAB5B68D2}.Release|x86.ActiveCfg = Release|Win32
		{5707E3CD-F14D-4A92-B037-101CAB5B68D2}.Release|x86.Build.0 = Release|Win32
		{8362CA24-8A6E-404E-9B9B-F8D2751A6EFE}.Debug|Any CPU.ActiveCfg = Debug|Win32
		{8362CA24-8A6E-404E-9B9B-F8D2751A6EFE}.Debug|Any CPU.Build.0 = Debug|Win32
		{8362CA24-8A6E-404E-9B9B-F8D2751A6EFE}.Debug|x64.ActiveCfg = Debug|x64
		{8362CA24-8A6E-404E-9B9B-F8D2751A6EFE}.Debug|x64.Build.0 = Debug|x64
		{8362CA24-8A6E-404E-9B9B-F8D2751A6EFE}.Debug|x86.ActiveCfg = Debug|Win32
		{8362CA24-8A6E-404E-9B9B-F8D2751A6EFE}.Debug|x86.Build.0 = Debug|Win32
		{8362CA24-8A6E-404E-9B9B-F8D2751A6EFE}.Release|Any CPU.ActiveCfg = Release|Win32
		{8362CA24-8A6E-404E-9B9B-F8D2751A6EFE}.Release|x64.ActiveCfg = Release|x64
		{8362CA24-8A6E-404E-9B9B-F8D2751A6EFE}.Release|x64.Build.0 = Release|x64
		{8362CA24-8A6E-404E-9B9B-F8D2751A6EFE}.Release|x86.ActiveCfg = Release|Win32
		{8362CA24-8A6E-404E-9B9B-F8D2751A6EFE}.Release|x86.Build.0 = Release|Win32
		{98CBF5D2-4033-42A2-B321-7D4F59D7A6D7}.Debug|Any CPU.ActiveCfg = Debug|Win32
		{98CBF5D2-4033-42A2-B321-7D4F59D7A6D7}.Debug|Any CPU.Build.0 = Debug|Win32
		{98CBF5D2-4033-42A2-B321-7D4F59D7A6D7}.Debug|x64.ActiveCfg = Debug|x64
		{98CBF5D2-4033-42A2-B321-7D4F59D7A6D7}.Debug|x64.Build.0 = Debug|x64
		{98CBF5D2-4033-42A2-B321-7D4F59D7A6D7}.Debug|x86.ActiveCfg = Debug|Win32
		{98CBF5D2-4033-42A2-B321-7D4F59D7A6D7}.Debug|x86.Build.0 = Debug|Win32
		{98CBF5D2-4033-42A2-B321-7D4F59D7A6D7}.Release|Any CPU.ActiveCfg = Release|Win32
		{98CBF5D2-4033-42A2-B321-7D4F59D7A6D7}.Release|x64.ActiveCfg = Release|x64
		{98CBF5D2-4033-42A2-B321-7D4F59D7A6D7}.Release|x64.Build.0 = Release|x64
		{98CBF5D2-4033-42A2-B321-7D4F59D7A6D7}.Release|x86.ActiveCfg = Release|Win32
		{98CBF5D2-4033-42A2-B321-7D4F59D7A6D7}.Release|x86.Build.0 = Release|Win32
		{BAE13FBA-66AD-472B-A718-CC8875F977CF}.Debug|Any CPU.ActiveCfg = Debug|Win32
		{BAE13FBA-66AD-472B-A718-CC8875F977CF}.Debug|Any CPU.Build.0 = Debug|Win32
		{BAE13FBA-66AD-472B-A718-CC8875F977CF}.Debug|x64.ActiveCfg = Debug|x64
		{BAE13FBA-66AD-472B-A718-CC8875F977CF}.Debug|x64.Build.0 = Debug|x64
		{BAE13FBA-66AD-472B-A718-CC8875F977CF}.Debug|x86.ActiveCfg = Debug|Win32
		{BAE13FBA-66AD-472B-A718-CC8875F977CF}.Debug|x86.Build.0 = Debug|Win32
		{BAE13FBA-66AD-472B-A718-CC8875F977CF}.Release|Any CPU.ActiveCfg = Release|Win32
		{BAE13FBA-66AD-472B-A718-CC8875F977CF}.Release|x64.ActiveCfg = Release|x64
		{BAE13FBA-66AD-472B-A718-CC8875F977CF}.Release|x64.Build.0 = Release|x64
		{BAE13FBA-66AD-472B-A718-CC8875F977CF}.Release|x86.ActiveCfg = Release|Win32
		{BAE13FBA-66AD-472B-A718-CC8875F977CF}.Release|x86.Build.0 = Release|Win32
		{7E10487F-7C2E-4372-A001-E8AF1C38FD0A}.Debug|Any CPU.ActiveCfg = Debug|Win32
		{7E10487F-7C2E-4372-A001-E8AF1C38FD0A}.Debug|Any CPU.Build.0 = Debug|Win32
		{7E10487F-7C2E-4372-A001-E8AF1C38FD0A}.Debug|x64.ActiveCfg = Debug|x64
		{7E10487F-7C2E-4372-A001-E8AF1C38FD0A}.Debug|x64.Build.0 = Debug|x64
		{7E10487F-7C2E-4372-A001-E8AF1C38FD0A}.Debug|x86.ActiveCfg = Debug|Win32
		{7E10487F-7C2E-4372-A001-E8AF1C38FD0A}.Debug|x86.Build.0 = Debug|Win32
		{7E10487F-7C2E-4372-A001-E8AF1C38FD0A}.Release|Any CPU.ActiveCfg = Release|Win32
		{7E10487F-7C2E-4372-A001-E8AF1C38FD0A}.Release|x64.ActiveCfg = Release|x64
		{7E10487F-7C2E-4372-A001-E8AF1C38FD0A}.Release|x64.Build.0 = Release|x64
		{7E10487F-7C2E-4372-A001-E8AF1C38FD0A}.Release|x86.ActiveCfg = Release|Win32
		{7E10487F-7C2E-4372-A001-E8AF1C38FD0A}.Release|x86.Build.0 = Release|Win32
		{D8F58772-EC6B-496B-982A-76BEB7BFF0C0}.Debug|Any CPU.ActiveCfg = Debug|Win32
		{D8F58772-EC6B-496B-982A-76BEB7BFF0C0}.Debug|Any CPU.Build.0 = Debug|Win32
		{D8F58772-EC6B-496B-982A-76BEB7BFF0C0}.Debug|x64.ActiveCfg = Debug|x64
		{D8F58772-EC6B-496B-982A-76BEB7BFF0C0}.Debug|x64.Build.0 = Debug|x64
		{D8F58772-EC6B-496B-982A-76BEB7BFF0C0}.Debug|x86.ActiveCfg = Debug|Win32
		{D8F58772-EC6B-496B-982A-76BEB7BFF0C0}.Debug|x86.Build.0 = Debug|Win32
		{D8F58772-EC6B-496B-982A-76BEB7BFF0C0}.Release|Any CPU.ActiveCfg = Release|Win32
		{D8F58772-EC6B-496B-982A-76BEB7BFF0C0}.Release|x64.ActiveCfg = Release|x64
		{D8F58772-EC6B-496B-982A-76BEB7BFF0C0}.Release|x64.Build.0 = Release|x64
		{D8F58772-EC6B-496B-982A-76BEB7BFF0C0}.Release|x86.ActiveCfg = Release|Win32
		{D8F58772-EC6B-496B-982A-76BEB7BFF0C0}.Release|x86.Build.0 = Release|Win32
		{D2B249E0-EE14-4F1A-A4E5-8D68351F8CFB}.Debug|Any CPU.ActiveCfg = Debug|Win32
		{D2B249E0-EE14-4F1A-A4E5-8D68351F8CFB}.Debug|Any CPU.Build.0 = Debug|Win32
		{D2B249E0-EE14-4F1A-A4E5-8D68351F8CFB}.Debug|x64.ActiveCfg = Debug|x64
		{D2B249E0-EE14-4F1A-A4E5-8D68351F8CFB}.Debug|x64.Build.0 = Debug|x64
		{D2B249E0-EE14-4F1A-A4E5-8D68351F8CFB}.Debug|x86.ActiveCfg = Debug|Win32
		{D2B249E0-EE14-4F1A-A4E5-8D68351F8CFB}.Debug|x86.Build.0 = Debug|Win32
		{D2B249E0-EE14-4F1A-A4E5-8D68351F8CFB}.Release|Any CPU.ActiveCfg = Release|Win32
		{D2B249E0-EE14-4F1A-A4E5-8D68351F8CFB}.Release|x64.ActiveCfg = Release|x64
		{D2B249E0-EE14-4F1A-A4E5-8D68351F8CFB}.Release|x64.Build.0 = Release|x64
		{D2B249E0-EE14-4F1A-A4E5-8D68351F8CFB}.Release|x86.ActiveCfg = Release|Win32
		{D2B249E0-EE14-4F1A-A4E5-8D68351F8CFB}.Release|x86.Build.0 = Release|Win32
		{8968A740-7C69-4116-969D-131FE5029280}.Debug|Any CPU.ActiveCfg = Debug|Win32
		{8968A740-7C69-4116-969D-131FE5029280}.Debug|Any CPU.Build.0 = Debug|Win32
		{8968A740-7C69-4116-969D-131FE5029280}.Debug|x64.ActiveCfg = Debug|x64
		{8968A740-7C69-4116-969D-131FE5029280}.Debug|x64.Build.0 = Debug|x64
		{8968A740-7C69-4116-969D-131FE5029280}.Debug|x86.ActiveCfg = Debug|Win32
		{8968A740-7C69-4116-969D-131FE5029280}.Debug|x86.Build.0 = Debug|Win32
		{8968A740-7C69-4116-969D-131FE5029280}.Release|Any CPU.ActiveCfg = Release|Win32
		{8968A740-7C69-4116-969D-131FE5029280}.Release|x64.ActiveCfg = Release|x64
		{8968A740-7C69-4116-969D-131FE5029280}.Release|x64.Build.0 = Release|x64
		{8968A740-7C69-4116-969D-131FE5029280}.Release|x86.ActiveCfg = Release|Win32
		{8968A740-7C69-4116-969D-131FE5029280}.Release|x86.Build.0 = Release|Win32
		{703CAB44-FDEA-43E4-B963-A49F4D39C60E}.Debug|Any CPU.ActiveCfg = Debug|Win32
		{703CAB44-FDEA-43E4-B963-A49F4D39C60E}.Debug|Any CPU.Build.0 = Debug|Win32
		{703CAB44-FDEA-43E4-B963-A49F4D39C60E}.Debug|x64.ActiveCfg = Debug|x64
		{703CAB44-FDEA-43E4-B963-A49F4D39C60E}.Debug|x64.Build.0 = Debug|x64
		{703CAB44-FDEA-43E4-B963-A49F4D39C60E}.Debug|x86.ActiveCfg = Debug|Win32
		{703CAB44-FDEA-43E4-B963-A49F4D39C60E}.Debug|x86.Build.0 = Debug|Win32
		{703CAB44-FDEA-43E4-B963-A49F4D39C60E}.Release|Any CPU.ActiveCfg = Release|Win32
		{703CAB44-FDEA-43E4-B963-A49F4D39C60E}.Release|x64.ActiveCfg = Release|x64
		{703CAB44-FDEA-43E4-B963-A49F4D39C60E}.Release|x64.Build.0 = Release|x64
		{703CAB44-FDEA-43E4-B963-A49F4D39C60E}.Release|x86.ActiveCfg = Release|Win32
		{703CAB44-FDEA-43E4-B963-A49F4D39C60E}.Release|x86.Build.0 = Release|Win32
	EndGlobalSection
	GlobalSection(SolutionProperties) = preSolution
		HideSolutionNode = FALSE
	EndGlobalSection
EndGlobal
